github.com/sethvargo/go-envconfig v0.6.0 h1:GxxdoeiNpWgGiVEphNFNObgMYRN/ZvI2dN7rBwadyss=
github.com/sethvargo/go-envconfig v0.6.0/go.mod h1:00S1FAhRUuTNJazWBWcJGvEHOM+NO6DhoRMAOX7FY5o=
github.com/sethvargo/go-githubactions v1.0.0 h1:5mYGPNxIwIXaS8MLj4uYGWM8QM8giUVqA4FuSYOZjXE=
github.com/sethvargo/go-githubactions v1.0.0/go.mod h1:UaidDD1ENTLXzTtj/4MnYjY40/5WLijgn2O8KBsdv7o=
golang.org/x/sync v0.0.0-20220819030929-7fc1605a5dde h1:ejfdSekXMDxDLbRrJMwUk6KnSLZ2McaUCVcIKM+N6jc=
golang.org/x/sync v0.0.0-20220819030929-7fc1605a5dde/go.mod h1:RxMgew5VJxzue5/jJTE5uejpjVlOe/izrB70Jof72aM=
